
Microsoft Visual Studio Solution File, Format Version 12.00
# Visual Studio Version 17
VisualStudioVersion = 17.11.35327.3
MinimumVisualStudioVersion = 10.0.40219.1
Project("{FAE04EC0-301F-11D3-BF4B-00C04F79EFBC}") = "WordFinderConsole", "WordFinderConsole.csproj", "{385C5C53-13CE-40A9-8465-6834C86F4AF7}"
EndProject
Project("{FAE04EC0-301F-11D3-BF4B-00C04F79EFBC}") = "WordFinderHelpers", "..\WordFinderHelpers\WordFinderHelpers.csproj", "{34D61F0B-D73D-4CAD-B026-D7E848E51C6A}"
EndProject
Project("{FAE04EC0-301F-11D3-BF4B-00C04F79EFBC}") = "WFinder.Test", "..\WFinder.Test\WFinder.Test.csproj", "{F2EDBB17-FCB0-4B53-95E8-7C1F6B811D86}"
EndProject
Global
	GlobalSection(SolutionConfigurationPlatforms) = preSolution
		Debug|Any CPU = Debug|Any CPU
		Release|Any CPU = Release|Any CPU
	EndGlobalSection
	GlobalSection(ProjectConfigurationPlatforms) = postSolution
		{385C5C53-13CE-40A9-8465-6834C86F4AF7}.Debug|Any CPU.ActiveCfg = Debug|Any CPU
		{385C5C53-13CE-40A9-8465-6834C86F4AF7}.Debug|Any CPU.Build.0 = Debug|Any CPU
		{385C5C53-13CE-40A9-8465-6834C86F4AF7}.Release|Any CPU.ActiveCfg = Release|Any CPU
		{385C5C53-13CE-40A9-8465-6834C86F4AF7}.Release|Any CPU.Build.0 = Release|Any CPU
		{34D61F0B-D73D-4CAD-B026-D7E848E51C6A}.Debug|Any CPU.ActiveCfg = Debug|Any CPU
		{34D61F0B-D73D-4CAD-B026-D7E848E51C6A}.Debug|Any CPU.Build.0 = Debug|Any CPU
		{34D61F0B-D73D-4CAD-B026-D7E848E51C6A}.Release|Any CPU.ActiveCfg = Release|Any CPU
		{34D61F0B-D73D-4CAD-B026-D7E848E51C6A}.Release|Any CPU.Build.0 = Release|Any CPU
		{F2EDBB17-FCB0-4B53-95E8-7C1F6B811D86}.Debug|Any CPU.ActiveCfg = Debug|Any CPU
		{F2EDBB17-FCB0-4B53-95E8-7C1F6B811D86}.Debug|Any CPU.Build.0 = Debug|Any CPU
		{F2EDBB17-FCB0-4B53-95E8-7C1F6B811D86}.Release|Any CPU.ActiveCfg = Release|Any CPU
		{F2EDBB17-FCB0-4B53-95E8-7C1F6B811D86}.Release|Any CPU.Build.0 = Release|Any CPU
	EndGlobalSection
	GlobalSection(SolutionProperties) = preSolution
		HideSolutionNode = FALSE
	EndGlobalSection
	GlobalSection(ExtensibilityGlobals) = postSolution
		SolutionGuid = {80751A24-1B1F-4750-B489-829CB883E989}
	EndGlobalSection
EndGlobal
